
Microsoft Visual Studio Solution File, Format Version 12.00
# Visual Studio Version 17
VisualStudioVersion = 17.14.36623.8
MinimumVisualStudioVersion = 10.0.40219.1
Project("{FAE04EC0-301F-11D3-BF4B-00C04F79EFBC}") = "BlazorDevOpsDemo.Api", "BlazorDevOpsDemo.Api\BlazorDevOpsDemo.Api.csproj", "{36C4754A-3C2E-00BC-71D3-2BD1E5433728}"
EndProject
Project("{FAE04EC0-301F-11D3-BF4B-00C04F79EFBC}") = "BlazorDevOpsDemo.Web", "BlazorDevOpsDemo.Web\BlazorDevOpsDemo.Web.csproj", "{77F35B20-A042-8332-0270-62EDC8253697}"
EndProject
Project("{2150E333-8FDC-42A3-9474-1A3956D46DE8}") = "Elementos de la solución", "Elementos de la solución", "{D107F4C8-89CC-BEA8-D3D7-CA6B7733353D}"
	ProjectSection(SolutionItems) = preProject
		docker-compose.yml = docker-compose.yml
	EndProjectSection
EndProject
Project("{2150E333-8FDC-42A3-9474-1A3956D46DE8}") = ".github", ".github", "{02EA681E-C7D8-13C7-8484-4AC65E1B71E8}"
EndProject
Project("{2150E333-8FDC-42A3-9474-1A3956D46DE8}") = "workflows", "workflows", "{002B5B29-3A6E-443A-BCDB-A434D07FED50}"
EndProject
Global
	GlobalSection(SolutionConfigurationPlatforms) = preSolution
		Debug|Any CPU = Debug|Any CPU
		Release|Any CPU = Release|Any CPU
	EndGlobalSection
	GlobalSection(ProjectConfigurationPlatforms) = postSolution
		{36C4754A-3C2E-00BC-71D3-2BD1E5433728}.Debug|Any CPU.ActiveCfg = Debug|Any CPU
		{36C4754A-3C2E-00BC-71D3-2BD1E5433728}.Debug|Any CPU.Build.0 = Debug|Any CPU
		{36C4754A-3C2E-00BC-71D3-2BD1E5433728}.Release|Any CPU.ActiveCfg = Release|Any CPU
		{36C4754A-3C2E-00BC-71D3-2BD1E5433728}.Release|Any CPU.Build.0 = Release|Any CPU
		{77F35B20-A042-8332-0270-62EDC8253697}.Debug|Any CPU.ActiveCfg = Debug|Any CPU
		{77F35B20-A042-8332-0270-62EDC8253697}.Debug|Any CPU.Build.0 = Debug|Any CPU
		{77F35B20-A042-8332-0270-62EDC8253697}.Release|Any CPU.ActiveCfg = Release|Any CPU
		{77F35B20-A042-8332-0270-62EDC8253697}.Release|Any CPU.Build.0 = Release|Any CPU
	EndGlobalSection
	GlobalSection(SolutionProperties) = preSolution
		HideSolutionNode = FALSE
	EndGlobalSection
	GlobalSection(NestedProjects) = preSolution
		{02EA681E-C7D8-13C7-8484-4AC65E1B71E8} = {D107F4C8-89CC-BEA8-D3D7-CA6B7733353D}
		{002B5B29-3A6E-443A-BCDB-A434D07FED50} = {02EA681E-C7D8-13C7-8484-4AC65E1B71E8}
	EndGlobalSection
	GlobalSection(ExtensibilityGlobals) = postSolution
		SolutionGuid = {0A90C9E5-3E14-465C-B31E-092A24D81F3E}
	EndGlobalSection
EndGlobal
