
Microsoft Visual Studio Solution File, Format Version 12.00
# Visual Studio Version 17
VisualStudioVersion = 17.14.36623.8 d17.14
MinimumVisualStudioVersion = 10.0.40219.1
Project("{FAE04EC0-301F-11D3-BF4B-00C04F79EFBC}") = "BlazorDevOpsDemo.Api", "..\BlazorDevOpsDemo.Api\BlazorDevOpsDemo.Api.csproj", "{5BF5DF2F-979C-40E6-8B16-7D231783BEA0}"
EndProject
Project("{FAE04EC0-301F-11D3-BF4B-00C04F79EFBC}") = "BlazorDevOpsDemo.Web", "..\BlazorDevOpsDemo.Web\BlazorDevOpsDemo.Web.csproj", "{93185F99-9019-4916-BC08-46135D16C100}"
EndProject
Global
	GlobalSection(SolutionConfigurationPlatforms) = preSolution
		Debug|Any CPU = Debug|Any CPU
		Release|Any CPU = Release|Any CPU
	EndGlobalSection
	GlobalSection(ProjectConfigurationPlatforms) = postSolution
		{5BF5DF2F-979C-40E6-8B16-7D231783BEA0}.Debug|Any CPU.ActiveCfg = Debug|Any CPU
		{5BF5DF2F-979C-40E6-8B16-7D231783BEA0}.Debug|Any CPU.Build.0 = Debug|Any CPU
		{5BF5DF2F-979C-40E6-8B16-7D231783BEA0}.Release|Any CPU.ActiveCfg = Release|Any CPU
		{5BF5DF2F-979C-40E6-8B16-7D231783BEA0}.Release|Any CPU.Build.0 = Release|Any CPU
		{93185F99-9019-4916-BC08-46135D16C100}.Debug|Any CPU.ActiveCfg = Debug|Any CPU
		{93185F99-9019-4916-BC08-46135D16C100}.Debug|Any CPU.Build.0 = Debug|Any CPU
		{93185F99-9019-4916-BC08-46135D16C100}.Release|Any CPU.ActiveCfg = Release|Any CPU
		{93185F99-9019-4916-BC08-46135D16C100}.Release|Any CPU.Build.0 = Release|Any CPU
	EndGlobalSection
	GlobalSection(SolutionProperties) = preSolution
		HideSolutionNode = FALSE
	EndGlobalSection
	GlobalSection(ExtensibilityGlobals) = postSolution
		SolutionGuid = {0A90C9E5-3E14-465C-B31E-092A24D81F3E}
	EndGlobalSection
EndGlobal
